// !$*UTF8*$!
{
	archiveVersion = 1;
	classes = {
	};
	objectVersion = 51;
	objects = {

/* Begin PBXBuildFile section */
		0CC1CA2B8602DB78430E2E3C /* Pods_vcommerceTests.framework in Frameworks */ = {isa = PBXBuildFile; fileRef = 7B650696AC702DDC484EACB0 /* Pods_vcommerceTests.framework */; };
		23EF3B85ECF6416BD584C99A /* Pods_vcommerce_vcommerceUITests.framework in Frameworks */ = {isa = PBXBuildFile; fileRef = 90BC2C791F2A28D8954D32CC /* Pods_vcommerce_vcommerceUITests.framework */; };
		9AA5C16631753DFEC4276262 /* Pods_vcommerce.framework in Frameworks */ = {isa = PBXBuildFile; fileRef = FF6FA4EDF6C8198037A07F01 /* Pods_vcommerce.framework */; };
		EC0398D525AAA6040002EB04 /* ProductViewController.swift in Sources */ = {isa = PBXBuildFile; fileRef = EC0398D425AAA6040002EB04 /* ProductViewController.swift */; };
		EC03990F25AAAC5F0002EB04 /* ProductVCRepresentation.swift in Sources */ = {isa = PBXBuildFile; fileRef = EC03990E25AAAC5F0002EB04 /* ProductVCRepresentation.swift */; };
		EC0F472C25A09C9800583028 /* EmailRegistViewController.swift in Sources */ = {isa = PBXBuildFile; fileRef = EC0F472B25A09C9800583028 /* EmailRegistViewController.swift */; };
		EC0F473125A09DB800583028 /* ProfileRegistViewController.swift in Sources */ = {isa = PBXBuildFile; fileRef = EC0F473025A09DB800583028 /* ProfileRegistViewController.swift */; };
		EC0F473825A0A34300583028 /* VideoUploadViewController.swift in Sources */ = {isa = PBXBuildFile; fileRef = EC0F473725A0A34300583028 /* VideoUploadViewController.swift */; };
		EC1D42A8258E37E50032920F /* TestUI.swift in Sources */ = {isa = PBXBuildFile; fileRef = EC1D42A7258E37E50032920F /* TestUI.swift */; };
		EC1D42AD258E443E0032920F /* SwiftUI.storyboard in Resources */ = {isa = PBXBuildFile; fileRef = EC1D42AC258E443E0032920F /* SwiftUI.storyboard */; };
		EC1F866425A4520300DABBD9 /* FindIdFromEmailViewController.swift in Sources */ = {isa = PBXBuildFile; fileRef = EC1F866325A4520300DABBD9 /* FindIdFromEmailViewController.swift */; };
		EC1F866F25A4595A00DABBD9 /* CongratulationViewController.swift in Sources */ = {isa = PBXBuildFile; fileRef = EC1F866E25A4595A00DABBD9 /* CongratulationViewController.swift */; };
		EC33C7842542817F004CBB9A /* Dictionary.swift in Sources */ = {isa = PBXBuildFile; fileRef = EC33C7832542817F004CBB9A /* Dictionary.swift */; };
		EC33C7EE2544575D004CBB9A /* APISearchDetail.swift in Sources */ = {isa = PBXBuildFile; fileRef = EC33C7ED2544575D004CBB9A /* APISearchDetail.swift */; };
		EC33C7F325446AEE004CBB9A /* APISellUpload.swift in Sources */ = {isa = PBXBuildFile; fileRef = EC33C7F225446AEE004CBB9A /* APISellUpload.swift */; };
		EC33C7F8254470E7004CBB9A /* ImagePickerView.swift in Sources */ = {isa = PBXBuildFile; fileRef = EC33C7F7254470E7004CBB9A /* ImagePickerView.swift */; };
		EC4A50CF2596523A00061CF2 /* Splash.storyboard in Resources */ = {isa = PBXBuildFile; fileRef = EC4A50CE2596523A00061CF2 /* Splash.storyboard */; };
		EC4A50D5259652C700061CF2 /* SplashViewController.swift in Sources */ = {isa = PBXBuildFile; fileRef = EC4A50D4259652C700061CF2 /* SplashViewController.swift */; };
		EC4D8812258CB1A2001F08EC /* CartVCRepresentation.swift in Sources */ = {isa = PBXBuildFile; fileRef = EC4D8811258CB1A2001F08EC /* CartVCRepresentation.swift */; };
		EC4D881F258CB5BB001F08EC /* Review.storyboard in Resources */ = {isa = PBXBuildFile; fileRef = EC4D881E258CB5BB001F08EC /* Review.storyboard */; };
		EC5B6C9A25270B2F004E3B61 /* ImageStore.swift in Sources */ = {isa = PBXBuildFile; fileRef = EC5B6C9925270B2F004E3B61 /* ImageStore.swift */; };
		EC5B6CDA252721FF004E3B61 /* MainView.swift in Sources */ = {isa = PBXBuildFile; fileRef = EC5B6CD9252721FF004E3B61 /* MainView.swift */; };
		EC5CE58C258CF5CF00CA24AF /* ReviewViewController.swift in Sources */ = {isa = PBXBuildFile; fileRef = EC5CE58B258CF5CF00CA24AF /* ReviewViewController.swift */; };
		EC5CE591258CF5EA00CA24AF /* ReviewVCRepresentation.swift in Sources */ = {isa = PBXBuildFile; fileRef = EC5CE590258CF5EA00CA24AF /* ReviewVCRepresentation.swift */; };
		EC5CE597258CF74A00CA24AF /* ReviewCell.swift in Sources */ = {isa = PBXBuildFile; fileRef = EC5CE596258CF74A00CA24AF /* ReviewCell.swift */; };
		EC5CE59C258CFFA500CA24AF /* Star 2.png in Resources */ = {isa = PBXBuildFile; fileRef = EC5CE59B258CFFA500CA24AF /* Star 2.png */; };
		EC5CE5A1258D01F800CA24AF /* ReviewDetailViewController.swift in Sources */ = {isa = PBXBuildFile; fileRef = EC5CE5A0258D01F800CA24AF /* ReviewDetailViewController.swift */; };
		EC6DD80D2540188C008479C4 /* GoogleService-Info.plist in Resources */ = {isa = PBXBuildFile; fileRef = EC6DD80C2540188C008479C4 /* GoogleService-Info.plist */; };
		EC6DD81525401BA8008479C4 /* Login.storyboard in Resources */ = {isa = PBXBuildFile; fileRef = EC6DD81425401BA8008479C4 /* Login.storyboard */; };
		EC6DD81A25401E7E008479C4 /* RoundedBoarderView.swift in Sources */ = {isa = PBXBuildFile; fileRef = EC6DD81925401E7E008479C4 /* RoundedBoarderView.swift */; };
		EC6DD81F25401ECB008479C4 /* RoundedBoarderButton.swift in Sources */ = {isa = PBXBuildFile; fileRef = EC6DD81E25401ECB008479C4 /* RoundedBoarderButton.swift */; };
		EC6DD82525402011008479C4 /* LoginViewController.swift in Sources */ = {isa = PBXBuildFile; fileRef = EC6DD82425402011008479C4 /* LoginViewController.swift */; };
		EC6DD82D254033E9008479C4 /* LoginVCRepresentaion.swift in Sources */ = {isa = PBXBuildFile; fileRef = EC6DD82C254033E9008479C4 /* LoginVCRepresentaion.swift */; };
		EC6DD841254053E8008479C4 /* APIBase.swift in Sources */ = {isa = PBXBuildFile; fileRef = EC6DD840254053E8008479C4 /* APIBase.swift */; };
		EC6DD87625405655008479C4 /* APIClient.swift in Sources */ = {isa = PBXBuildFile; fileRef = EC6DD87525405655008479C4 /* APIClient.swift */; };
		EC6DD87B254056A4008479C4 /* APISearch.swift in Sources */ = {isa = PBXBuildFile; fileRef = EC6DD87A254056A4008479C4 /* APISearch.swift */; };
		EC73AA78258CABA0005E5615 /* CartViewController.swift in Sources */ = {isa = PBXBuildFile; fileRef = EC73AA77258CABA0005E5615 /* CartViewController.swift */; };
		EC73AAAE258CAE5F005E5615 /* CartCell.swift in Sources */ = {isa = PBXBuildFile; fileRef = EC73AAAD258CAE5F005E5615 /* CartCell.swift */; };
		EC744B8D2598435000DE155A /* SelectOptionViewController.swift in Sources */ = {isa = PBXBuildFile; fileRef = EC744B8C2598435000DE155A /* SelectOptionViewController.swift */; };
		EC744B95259844BE00DE155A /* SelectOptionVCRepresentation.swift in Sources */ = {isa = PBXBuildFile; fileRef = EC744B94259844BE00DE155A /* SelectOptionVCRepresentation.swift */; };
		EC744B9A2598A7F200DE155A /* SelectOptionCell.swift in Sources */ = {isa = PBXBuildFile; fileRef = EC744B992598A7F200DE155A /* SelectOptionCell.swift */; };
		EC79BC13258A57C900D61EEB /* BuySell.storyboard in Resources */ = {isa = PBXBuildFile; fileRef = EC79BC12258A57C900D61EEB /* BuySell.storyboard */; };
		EC79BC18258A5B7100D61EEB /* CheckBox.swift in Sources */ = {isa = PBXBuildFile; fileRef = EC79BC17258A5B7100D61EEB /* CheckBox.swift */; };
		EC894CC225AAE0B000DDDBE8 /* BasePopup.swift in Sources */ = {isa = PBXBuildFile; fileRef = EC894CC125AAE0B000DDDBE8 /* BasePopup.swift */; };
		EC894CCA25AAE0FF00DDDBE8 /* PopupManager.swift in Sources */ = {isa = PBXBuildFile; fileRef = EC894CC925AAE0FF00DDDBE8 /* PopupManager.swift */; };
		EC894CCF25AAE48500DDDBE8 /* extUIView.swift in Sources */ = {isa = PBXBuildFile; fileRef = EC894CCE25AAE48500DDDBE8 /* extUIView.swift */; };
		EC92E235259654A0004F941F /* SceneDelegate.swift in Sources */ = {isa = PBXBuildFile; fileRef = EC92E234259654A0004F941F /* SceneDelegate.swift */; };
		EC9D2ACE2579195B00CF4D80 /* PagesContainer.swift in Sources */ = {isa = PBXBuildFile; fileRef = EC9D2ACD2579195B00CF4D80 /* PagesContainer.swift */; };
		EC9D2AD6257A246C00CF4D80 /* ViewScaleObject.swift in Sources */ = {isa = PBXBuildFile; fileRef = EC9D2AD5257A246C00CF4D80 /* ViewScaleObject.swift */; };
		ECA4DA31254DA4EF00D11B40 /* MainViewFuncs.swift in Sources */ = {isa = PBXBuildFile; fileRef = ECA4DA30254DA4EF00D11B40 /* MainViewFuncs.swift */; };
		ECA7FF0925A0814800C4DC2A /* LoginEamilViewController.swift in Sources */ = {isa = PBXBuildFile; fileRef = ECA7FF0825A0814800C4DC2A /* LoginEamilViewController.swift */; };
		ECA7FF3B25A0952F00C4DC2A /* LoginEmaillVCRepresentation.swift in Sources */ = {isa = PBXBuildFile; fileRef = ECA7FF3A25A0952F00C4DC2A /* LoginEmaillVCRepresentation.swift */; };
		ECAA013F2522F49F00D15B93 /* AppDelegate.swift in Sources */ = {isa = PBXBuildFile; fileRef = ECAA013E2522F49F00D15B93 /* AppDelegate.swift */; };
		ECAA01432522F49F00D15B93 /* ContentView.swift in Sources */ = {isa = PBXBuildFile; fileRef = ECAA01422522F49F00D15B93 /* ContentView.swift */; };
		ECAA01452522F4A100D15B93 /* Assets.xcassets in Resources */ = {isa = PBXBuildFile; fileRef = ECAA01442522F4A100D15B93 /* Assets.xcassets */; };
		ECAA01482522F4A100D15B93 /* Preview Assets.xcassets in Resources */ = {isa = PBXBuildFile; fileRef = ECAA01472522F4A100D15B93 /* Preview Assets.xcassets */; };
		ECAA014B2522F4A100D15B93 /* LaunchScreen.storyboard in Resources */ = {isa = PBXBuildFile; fileRef = ECAA01492522F4A100D15B93 /* LaunchScreen.storyboard */; };
		ECAA01562522F4A100D15B93 /* vcommerceTests.swift in Sources */ = {isa = PBXBuildFile; fileRef = ECAA01552522F4A100D15B93 /* vcommerceTests.swift */; };
		ECAA01612522F4A100D15B93 /* vcommerceUITests.swift in Sources */ = {isa = PBXBuildFile; fileRef = ECAA01602522F4A100D15B93 /* vcommerceUITests.swift */; };
		ECAFD4892564F8450009E598 /* ResponseCodable.swift in Sources */ = {isa = PBXBuildFile; fileRef = ECAFD4882564F8450009E598 /* ResponseCodable.swift */; };
		ECC6081B25262DC1006763EE /* CustomTextField.swift in Sources */ = {isa = PBXBuildFile; fileRef = ECC6081A25262DC1006763EE /* CustomTextField.swift */; };
		ECC6085C25270522006763EE /* btn_signin_facebook.png in Resources */ = {isa = PBXBuildFile; fileRef = ECC6085A25270522006763EE /* btn_signin_facebook.png */; };
		ECC6085D25270522006763EE /* btn_signin_google.png in Resources */ = {isa = PBXBuildFile; fileRef = ECC6085B25270522006763EE /* btn_signin_google.png */; };
		ECDA79F925A46B8A0071522E /* Popup.xib in Resources */ = {isa = PBXBuildFile; fileRef = ECDA79F825A46B8A0071522E /* Popup.xib */; };
		ECDA79FE25A46B9E0071522E /* ProductOption.xib in Resources */ = {isa = PBXBuildFile; fileRef = ECDA79FD25A46B9E0071522E /* ProductOption.xib */; };
		ECF1F40B25A999B30005F27F /* ProductOptionViews.swift in Sources */ = {isa = PBXBuildFile; fileRef = ECF1F40A25A999B30005F27F /* ProductOptionViews.swift */; };
/* End PBXBuildFile section */

/* Begin PBXContainerItemProxy section */
		ECAA01522522F4A100D15B93 /* PBXContainerItemProxy */ = {
			isa = PBXContainerItemProxy;
			containerPortal = ECAA01332522F49F00D15B93 /* Project object */;
			proxyType = 1;
			remoteGlobalIDString = ECAA013A2522F49F00D15B93;
			remoteInfo = vcommerce;
		};
		ECAA015D2522F4A100D15B93 /* PBXContainerItemProxy */ = {
			isa = PBXContainerItemProxy;
			containerPortal = ECAA01332522F49F00D15B93 /* Project object */;
			proxyType = 1;
			remoteGlobalIDString = ECAA013A2522F49F00D15B93;
			remoteInfo = vcommerce;
		};
/* End PBXContainerItemProxy section */

/* Begin PBXFileReference section */
		09D240ACEF17F6D2AE8C5CCA /* Pods-vcommerce.release.xcconfig */ = {isa = PBXFileReference; includeInIndex = 1; lastKnownFileType = text.xcconfig; name = "Pods-vcommerce.release.xcconfig"; path = "Target Support Files/Pods-vcommerce/Pods-vcommerce.release.xcconfig"; sourceTree = "<group>"; };
		229E5C3C42DEB4A599442AA2 /* Pods-vcommerce.debug.xcconfig */ = {isa = PBXFileReference; includeInIndex = 1; lastKnownFileType = text.xcconfig; name = "Pods-vcommerce.debug.xcconfig"; path = "Target Support Files/Pods-vcommerce/Pods-vcommerce.debug.xcconfig"; sourceTree = "<group>"; };
		7B650696AC702DDC484EACB0 /* Pods_vcommerceTests.framework */ = {isa = PBXFileReference; explicitFileType = wrapper.framework; includeInIndex = 0; path = Pods_vcommerceTests.framework; sourceTree = BUILT_PRODUCTS_DIR; };
		90BC2C791F2A28D8954D32CC /* Pods_vcommerce_vcommerceUITests.framework */ = {isa = PBXFileReference; explicitFileType = wrapper.framework; includeInIndex = 0; path = Pods_vcommerce_vcommerceUITests.framework; sourceTree = BUILT_PRODUCTS_DIR; };
		B1DC3C8B8DDBEF8E5D1F6EAC /* Pods-vcommerce-vcommerceUITests.release.xcconfig */ = {isa = PBXFileReference; includeInIndex = 1; lastKnownFileType = text.xcconfig; name = "Pods-vcommerce-vcommerceUITests.release.xcconfig"; path = "Target Support Files/Pods-vcommerce-vcommerceUITests/Pods-vcommerce-vcommerceUITests.release.xcconfig"; sourceTree = "<group>"; };
		C4B07E209200A3125CD50D99 /* Pods-vcommerce-vcommerceUITests.debug.xcconfig */ = {isa = PBXFileReference; includeInIndex = 1; lastKnownFileType = text.xcconfig; name = "Pods-vcommerce-vcommerceUITests.debug.xcconfig"; path = "Target Support Files/Pods-vcommerce-vcommerceUITests/Pods-vcommerce-vcommerceUITests.debug.xcconfig"; sourceTree = "<group>"; };
		EC0398D425AAA6040002EB04 /* ProductViewController.swift */ = {isa = PBXFileReference; lastKnownFileType = sourcecode.swift; path = ProductViewController.swift; sourceTree = "<group>"; };
		EC03990E25AAAC5F0002EB04 /* ProductVCRepresentation.swift */ = {isa = PBXFileReference; lastKnownFileType = sourcecode.swift; path = ProductVCRepresentation.swift; sourceTree = "<group>"; };
		EC0F472B25A09C9800583028 /* EmailRegistViewController.swift */ = {isa = PBXFileReference; lastKnownFileType = sourcecode.swift; path = EmailRegistViewController.swift; sourceTree = "<group>"; };
		EC0F473025A09DB800583028 /* ProfileRegistViewController.swift */ = {isa = PBXFileReference; lastKnownFileType = sourcecode.swift; path = ProfileRegistViewController.swift; sourceTree = "<group>"; };
		EC0F473725A0A34300583028 /* VideoUploadViewController.swift */ = {isa = PBXFileReference; lastKnownFileType = sourcecode.swift; path = VideoUploadViewController.swift; sourceTree = "<group>"; };
		EC1D42A7258E37E50032920F /* TestUI.swift */ = {isa = PBXFileReference; lastKnownFileType = sourcecode.swift; path = TestUI.swift; sourceTree = "<group>"; };
		EC1D42AC258E443E0032920F /* SwiftUI.storyboard */ = {isa = PBXFileReference; lastKnownFileType = file.storyboard; path = SwiftUI.storyboard; sourceTree = "<group>"; };
		EC1F866325A4520300DABBD9 /* FindIdFromEmailViewController.swift */ = {isa = PBXFileReference; lastKnownFileType = sourcecode.swift; path = FindIdFromEmailViewController.swift; sourceTree = "<group>"; };
		EC1F866E25A4595A00DABBD9 /* CongratulationViewController.swift */ = {isa = PBXFileReference; lastKnownFileType = sourcecode.swift; path = CongratulationViewController.swift; sourceTree = "<group>"; };
		EC33C7832542817F004CBB9A /* Dictionary.swift */ = {isa = PBXFileReference; lastKnownFileType = sourcecode.swift; path = Dictionary.swift; sourceTree = "<group>"; };
		EC33C7ED2544575D004CBB9A /* APISearchDetail.swift */ = {isa = PBXFileReference; lastKnownFileType = sourcecode.swift; path = APISearchDetail.swift; sourceTree = "<group>"; };
		EC33C7F225446AEE004CBB9A /* APISellUpload.swift */ = {isa = PBXFileReference; lastKnownFileType = sourcecode.swift; path = APISellUpload.swift; sourceTree = "<group>"; };
		EC33C7F7254470E7004CBB9A /* ImagePickerView.swift */ = {isa = PBXFileReference; lastKnownFileType = sourcecode.swift; path = ImagePickerView.swift; sourceTree = "<group>"; };
		EC4A50CE2596523A00061CF2 /* Splash.storyboard */ = {isa = PBXFileReference; lastKnownFileType = file.storyboard; path = Splash.storyboard; sourceTree = "<group>"; };
		EC4A50D4259652C700061CF2 /* SplashViewController.swift */ = {isa = PBXFileReference; lastKnownFileType = sourcecode.swift; path = SplashViewController.swift; sourceTree = "<group>"; };
		EC4D8811258CB1A2001F08EC /* CartVCRepresentation.swift */ = {isa = PBXFileReference; lastKnownFileType = sourcecode.swift; path = CartVCRepresentation.swift; sourceTree = "<group>"; };
		EC4D881E258CB5BB001F08EC /* Review.storyboard */ = {isa = PBXFileReference; lastKnownFileType = file.storyboard; path = Review.storyboard; sourceTree = "<group>"; };
		EC5B6C9925270B2F004E3B61 /* ImageStore.swift */ = {isa = PBXFileReference; lastKnownFileType = sourcecode.swift; path = ImageStore.swift; sourceTree = "<group>"; };
		EC5B6CD9252721FF004E3B61 /* MainView.swift */ = {isa = PBXFileReference; lastKnownFileType = sourcecode.swift; path = MainView.swift; sourceTree = "<group>"; };
		EC5CE58B258CF5CF00CA24AF /* ReviewViewController.swift */ = {isa = PBXFileReference; lastKnownFileType = sourcecode.swift; path = ReviewViewController.swift; sourceTree = "<group>"; };
		EC5CE590258CF5EA00CA24AF /* ReviewVCRepresentation.swift */ = {isa = PBXFileReference; lastKnownFileType = sourcecode.swift; path = ReviewVCRepresentation.swift; sourceTree = "<group>"; };
		EC5CE596258CF74A00CA24AF /* ReviewCell.swift */ = {isa = PBXFileReference; lastKnownFileType = sourcecode.swift; path = ReviewCell.swift; sourceTree = "<group>"; };
		EC5CE59B258CFFA500CA24AF /* Star 2.png */ = {isa = PBXFileReference; lastKnownFileType = image.png; path = "Star 2.png"; sourceTree = "<group>"; };
		EC5CE5A0258D01F800CA24AF /* ReviewDetailViewController.swift */ = {isa = PBXFileReference; lastKnownFileType = sourcecode.swift; path = ReviewDetailViewController.swift; sourceTree = "<group>"; };
		EC6DD80C2540188C008479C4 /* GoogleService-Info.plist */ = {isa = PBXFileReference; fileEncoding = 4; lastKnownFileType = text.plist.xml; path = "GoogleService-Info.plist"; sourceTree = "<group>"; };
		EC6DD81425401BA8008479C4 /* Login.storyboard */ = {isa = PBXFileReference; lastKnownFileType = file.storyboard; path = Login.storyboard; sourceTree = "<group>"; };
		EC6DD81925401E7E008479C4 /* RoundedBoarderView.swift */ = {isa = PBXFileReference; lastKnownFileType = sourcecode.swift; path = RoundedBoarderView.swift; sourceTree = "<group>"; };
		EC6DD81E25401ECB008479C4 /* RoundedBoarderButton.swift */ = {isa = PBXFileReference; lastKnownFileType = sourcecode.swift; path = RoundedBoarderButton.swift; sourceTree = "<group>"; };
		EC6DD82425402011008479C4 /* LoginViewController.swift */ = {isa = PBXFileReference; lastKnownFileType = sourcecode.swift; path = LoginViewController.swift; sourceTree = "<group>"; };
		EC6DD82C254033E9008479C4 /* LoginVCRepresentaion.swift */ = {isa = PBXFileReference; lastKnownFileType = sourcecode.swift; path = LoginVCRepresentaion.swift; sourceTree = "<group>"; };
		EC6DD840254053E8008479C4 /* APIBase.swift */ = {isa = PBXFileReference; lastKnownFileType = sourcecode.swift; path = APIBase.swift; sourceTree = "<group>"; };
		EC6DD87525405655008479C4 /* APIClient.swift */ = {isa = PBXFileReference; lastKnownFileType = sourcecode.swift; path = APIClient.swift; sourceTree = "<group>"; };
		EC6DD87A254056A4008479C4 /* APISearch.swift */ = {isa = PBXFileReference; lastKnownFileType = sourcecode.swift; path = APISearch.swift; sourceTree = "<group>"; };
		EC73AA77258CABA0005E5615 /* CartViewController.swift */ = {isa = PBXFileReference; lastKnownFileType = sourcecode.swift; path = CartViewController.swift; sourceTree = "<group>"; };
		EC73AAAD258CAE5F005E5615 /* CartCell.swift */ = {isa = PBXFileReference; lastKnownFileType = sourcecode.swift; path = CartCell.swift; sourceTree = "<group>"; };
		EC744B8C2598435000DE155A /* SelectOptionViewController.swift */ = {isa = PBXFileReference; lastKnownFileType = sourcecode.swift; path = SelectOptionViewController.swift; sourceTree = "<group>"; };
		EC744B94259844BE00DE155A /* SelectOptionVCRepresentation.swift */ = {isa = PBXFileReference; lastKnownFileType = sourcecode.swift; path = SelectOptionVCRepresentation.swift; sourceTree = "<group>"; };
		EC744B992598A7F200DE155A /* SelectOptionCell.swift */ = {isa = PBXFileReference; lastKnownFileType = sourcecode.swift; path = SelectOptionCell.swift; sourceTree = "<group>"; };
		EC79BC12258A57C900D61EEB /* BuySell.storyboard */ = {isa = PBXFileReference; lastKnownFileType = file.storyboard; path = BuySell.storyboard; sourceTree = "<group>"; };
		EC79BC17258A5B7100D61EEB /* CheckBox.swift */ = {isa = PBXFileReference; lastKnownFileType = sourcecode.swift; path = CheckBox.swift; sourceTree = "<group>"; };
		EC83BB15890EF507EC7E25F8 /* Pods-vcommerceTests.debug.xcconfig */ = {isa = PBXFileReference; includeInIndex = 1; lastKnownFileType = text.xcconfig; name = "Pods-vcommerceTests.debug.xcconfig"; path = "Target Support Files/Pods-vcommerceTests/Pods-vcommerceTests.debug.xcconfig"; sourceTree = "<group>"; };
		EC894CC125AAE0B000DDDBE8 /* BasePopup.swift */ = {isa = PBXFileReference; lastKnownFileType = sourcecode.swift; path = BasePopup.swift; sourceTree = "<group>"; };
		EC894CC925AAE0FF00DDDBE8 /* PopupManager.swift */ = {isa = PBXFileReference; lastKnownFileType = sourcecode.swift; path = PopupManager.swift; sourceTree = "<group>"; };
		EC894CCE25AAE48500DDDBE8 /* extUIView.swift */ = {isa = PBXFileReference; lastKnownFileType = sourcecode.swift; path = extUIView.swift; sourceTree = "<group>"; };
		EC92E234259654A0004F941F /* SceneDelegate.swift */ = {isa = PBXFileReference; fileEncoding = 4; lastKnownFileType = sourcecode.swift; path = SceneDelegate.swift; sourceTree = "<group>"; };
		EC9D2ACD2579195B00CF4D80 /* PagesContainer.swift */ = {isa = PBXFileReference; lastKnownFileType = sourcecode.swift; path = PagesContainer.swift; sourceTree = "<group>"; };
		EC9D2AD5257A246C00CF4D80 /* ViewScaleObject.swift */ = {isa = PBXFileReference; lastKnownFileType = sourcecode.swift; path = ViewScaleObject.swift; sourceTree = "<group>"; };
		ECA4DA30254DA4EF00D11B40 /* MainViewFuncs.swift */ = {isa = PBXFileReference; lastKnownFileType = sourcecode.swift; path = MainViewFuncs.swift; sourceTree = "<group>"; };
		ECA7FF0825A0814800C4DC2A /* LoginEamilViewController.swift */ = {isa = PBXFileReference; lastKnownFileType = sourcecode.swift; path = LoginEamilViewController.swift; sourceTree = "<group>"; };
		ECA7FF3A25A0952F00C4DC2A /* LoginEmaillVCRepresentation.swift */ = {isa = PBXFileReference; lastKnownFileType = sourcecode.swift; path = LoginEmaillVCRepresentation.swift; sourceTree = "<group>"; };
		ECAA013B2522F49F00D15B93 /* vcommerce.app */ = {isa = PBXFileReference; explicitFileType = wrapper.application; includeInIndex = 0; path = vcommerce.app; sourceTree = BUILT_PRODUCTS_DIR; };
		ECAA013E2522F49F00D15B93 /* AppDelegate.swift */ = {isa = PBXFileReference; lastKnownFileType = sourcecode.swift; path = AppDelegate.swift; sourceTree = "<group>"; };
		ECAA01422522F49F00D15B93 /* ContentView.swift */ = {isa = PBXFileReference; lastKnownFileType = sourcecode.swift; path = ContentView.swift; sourceTree = "<group>"; };
		ECAA01442522F4A100D15B93 /* Assets.xcassets */ = {isa = PBXFileReference; lastKnownFileType = folder.assetcatalog; path = Assets.xcassets; sourceTree = "<group>"; };
		ECAA01472522F4A100D15B93 /* Preview Assets.xcassets */ = {isa = PBXFileReference; lastKnownFileType = folder.assetcatalog; path = "Preview Assets.xcassets"; sourceTree = "<group>"; };
		ECAA014A2522F4A100D15B93 /* Base */ = {isa = PBXFileReference; lastKnownFileType = file.storyboard; name = Base; path = Base.lproj/LaunchScreen.storyboard; sourceTree = "<group>"; };
		ECAA014C2522F4A100D15B93 /* Info.plist */ = {isa = PBXFileReference; lastKnownFileType = text.plist.xml; path = Info.plist; sourceTree = "<group>"; };
		ECAA01512522F4A100D15B93 /* vcommerceTests.xctest */ = {isa = PBXFileReference; explicitFileType = wrapper.cfbundle; includeInIndex = 0; path = vcommerceTests.xctest; sourceTree = BUILT_PRODUCTS_DIR; };
		ECAA01552522F4A100D15B93 /* vcommerceTests.swift */ = {isa = PBXFileReference; lastKnownFileType = sourcecode.swift; path = vcommerceTests.swift; sourceTree = "<group>"; };
		ECAA01572522F4A100D15B93 /* Info.plist */ = {isa = PBXFileReference; lastKnownFileType = text.plist.xml; path = Info.plist; sourceTree = "<group>"; };
		ECAA015C2522F4A100D15B93 /* vcommerceUITests.xctest */ = {isa = PBXFileReference; explicitFileType = wrapper.cfbundle; includeInIndex = 0; path = vcommerceUITests.xctest; sourceTree = BUILT_PRODUCTS_DIR; };
		ECAA01602522F4A100D15B93 /* vcommerceUITests.swift */ = {isa = PBXFileReference; lastKnownFileType = sourcecode.swift; path = vcommerceUITests.swift; sourceTree = "<group>"; };
		ECAA01622522F4A100D15B93 /* Info.plist */ = {isa = PBXFileReference; lastKnownFileType = text.plist.xml; path = Info.plist; sourceTree = "<group>"; };
		ECAFD4882564F8450009E598 /* ResponseCodable.swift */ = {isa = PBXFileReference; lastKnownFileType = sourcecode.swift; path = ResponseCodable.swift; sourceTree = "<group>"; };
		ECC6081A25262DC1006763EE /* CustomTextField.swift */ = {isa = PBXFileReference; lastKnownFileType = sourcecode.swift; path = CustomTextField.swift; sourceTree = "<group>"; };
		ECC6085A25270522006763EE /* btn_signin_facebook.png */ = {isa = PBXFileReference; lastKnownFileType = image.png; path = btn_signin_facebook.png; sourceTree = "<group>"; };
		ECC6085B25270522006763EE /* btn_signin_google.png */ = {isa = PBXFileReference; lastKnownFileType = image.png; path = btn_signin_google.png; sourceTree = "<group>"; };
		ECDA79F825A46B8A0071522E /* Popup.xib */ = {isa = PBXFileReference; lastKnownFileType = file.xib; path = Popup.xib; sourceTree = "<group>"; };
		ECDA79FD25A46B9E0071522E /* ProductOption.xib */ = {isa = PBXFileReference; lastKnownFileType = file.xib; path = ProductOption.xib; sourceTree = "<group>"; };
		ECF1F40A25A999B30005F27F /* ProductOptionViews.swift */ = {isa = PBXFileReference; lastKnownFileType = sourcecode.swift; path = ProductOptionViews.swift; sourceTree = "<group>"; };
		EF1E50AFA9C0F2368B05856B /* Pods-vcommerceTests.release.xcconfig */ = {isa = PBXFileReference; includeInIndex = 1; lastKnownFileType = text.xcconfig; name = "Pods-vcommerceTests.release.xcconfig"; path = "Target Support Files/Pods-vcommerceTests/Pods-vcommerceTests.release.xcconfig"; sourceTree = "<group>"; };
		FF6FA4EDF6C8198037A07F01 /* Pods_vcommerce.framework */ = {isa = PBXFileReference; explicitFileType = wrapper.framework; includeInIndex = 0; path = Pods_vcommerce.framework; sourceTree = BUILT_PRODUCTS_DIR; };
/* End PBXFileReference section */

/* Begin PBXFrameworksBuildPhase section */
		ECAA01382522F49F00D15B93 /* Frameworks */ = {
			isa = PBXFrameworksBuildPhase;
			buildActionMask = 2147483647;
			files = (
				9AA5C16631753DFEC4276262 /* Pods_vcommerce.framework in Frameworks */,
			);
			runOnlyForDeploymentPostprocessing = 0;
		};
		ECAA014E2522F4A100D15B93 /* Frameworks */ = {
			isa = PBXFrameworksBuildPhase;
			buildActionMask = 2147483647;
			files = (
				0CC1CA2B8602DB78430E2E3C /* Pods_vcommerceTests.framework in Frameworks */,
			);
			runOnlyForDeploymentPostprocessing = 0;
		};
		ECAA01592522F4A100D15B93 /* Frameworks */ = {
			isa = PBXFrameworksBuildPhase;
			buildActionMask = 2147483647;
			files = (
				23EF3B85ECF6416BD584C99A /* Pods_vcommerce_vcommerceUITests.framework in Frameworks */,
			);
			runOnlyForDeploymentPostprocessing = 0;
		};
/* End PBXFrameworksBuildPhase section */

/* Begin PBXGroup section */
		86659D37680629D5E75DDB52 /* Frameworks */ = {
			isa = PBXGroup;
			children = (
				FF6FA4EDF6C8198037A07F01 /* Pods_vcommerce.framework */,
				90BC2C791F2A28D8954D32CC /* Pods_vcommerce_vcommerceUITests.framework */,
				7B650696AC702DDC484EACB0 /* Pods_vcommerceTests.framework */,
			);
			name = Frameworks;
			sourceTree = "<group>";
		};
		8D0DB1DDDB0029F9537B7E9C /* Pods */ = {
			isa = PBXGroup;
			children = (
				229E5C3C42DEB4A599442AA2 /* Pods-vcommerce.debug.xcconfig */,
				09D240ACEF17F6D2AE8C5CCA /* Pods-vcommerce.release.xcconfig */,
				C4B07E209200A3125CD50D99 /* Pods-vcommerce-vcommerceUITests.debug.xcconfig */,
				B1DC3C8B8DDBEF8E5D1F6EAC /* Pods-vcommerce-vcommerceUITests.release.xcconfig */,
				EC83BB15890EF507EC7E25F8 /* Pods-vcommerceTests.debug.xcconfig */,
				EF1E50AFA9C0F2368B05856B /* Pods-vcommerceTests.release.xcconfig */,
			);
			path = Pods;
			sourceTree = "<group>";
		};
		EC0F473525A0A2CF00583028 /* firebase API */ = {
			isa = PBXGroup;
			children = (
			);
			path = "firebase API";
			sourceTree = "<group>";
		};
		EC0F473625A0A31800583028 /* Video */ = {
			isa = PBXGroup;
			children = (
			);
			path = Video;
			sourceTree = "<group>";
		};
		EC1D42A6258E37CC0032920F /* TestUI */ = {
			isa = PBXGroup;
			children = (
				EC1D42A7258E37E50032920F /* TestUI.swift */,
			);
			path = TestUI;
			sourceTree = "<group>";
		};
		EC4A50D3259652B400061CF2 /* Splah */ = {
			isa = PBXGroup;
			children = (
				EC4A50D4259652C700061CF2 /* SplashViewController.swift */,
			);
			path = Splah;
			sourceTree = "<group>";
		};
		EC4D881C258CB59B001F08EC /* Review */ = {
			isa = PBXGroup;
			children = (
				EC5CE58B258CF5CF00CA24AF /* ReviewViewController.swift */,
				EC5CE590258CF5EA00CA24AF /* ReviewVCRepresentation.swift */,
				EC5CE596258CF74A00CA24AF /* ReviewCell.swift */,
				EC5CE5A0258D01F800CA24AF /* ReviewDetailViewController.swift */,
			);
			path = Review;
			sourceTree = "<group>";
		};
		EC5B6C9825270B18004E3B61 /* Util */ = {
			isa = PBXGroup;
			children = (
				EC5B6C9925270B2F004E3B61 /* ImageStore.swift */,
				EC6DD81925401E7E008479C4 /* RoundedBoarderView.swift */,
				EC6DD81E25401ECB008479C4 /* RoundedBoarderButton.swift */,
				EC33C7832542817F004CBB9A /* Dictionary.swift */,
				EC33C7F7254470E7004CBB9A /* ImagePickerView.swift */,
				ECA4DA30254DA4EF00D11B40 /* MainViewFuncs.swift */,
				EC9D2AD5257A246C00CF4D80 /* ViewScaleObject.swift */,
				EC79BC17258A5B7100D61EEB /* CheckBox.swift */,
				ECC6081A25262DC1006763EE /* CustomTextField.swift */,
				EC894CCE25AAE48500DDDBE8 /* extUIView.swift */,
			);
			path = Util;
			sourceTree = "<group>";
		};
		EC680CB92580E24C0055615D /* Login */ = {
			isa = PBXGroup;
			children = (
				EC6DD82425402011008479C4 /* LoginViewController.swift */,
				EC6DD82C254033E9008479C4 /* LoginVCRepresentaion.swift */,
				ECA7FF0825A0814800C4DC2A /* LoginEamilViewController.swift */,
				ECA7FF3A25A0952F00C4DC2A /* LoginEmaillVCRepresentation.swift */,
				EC0F472B25A09C9800583028 /* EmailRegistViewController.swift */,
				EC0F473025A09DB800583028 /* ProfileRegistViewController.swift */,
				EC1F866325A4520300DABBD9 /* FindIdFromEmailViewController.swift */,
				EC1F866E25A4595A00DABBD9 /* CongratulationViewController.swift */,
			);
			path = Login;
			sourceTree = "<group>";
		};
		EC6DD82325401FE5008479C4 /* Storyboard */ = {
			isa = PBXGroup;
			children = (
				EC6DD81425401BA8008479C4 /* Login.storyboard */,
				EC79BC12258A57C900D61EEB /* BuySell.storyboard */,
				EC4D881E258CB5BB001F08EC /* Review.storyboard */,
				EC1D42AC258E443E0032920F /* SwiftUI.storyboard */,
				EC4A50CE2596523A00061CF2 /* Splash.storyboard */,
			);
			path = Storyboard;
			sourceTree = "<group>";
		};
		EC6DD83E254053A6008479C4 /* Model */ = {
			isa = PBXGroup;
			children = (
				EC0F473525A0A2CF00583028 /* firebase API */,
				EC6DD83F254053BD008479C4 /* API */,
				EC6DD87525405655008479C4 /* APIClient.swift */,
				ECAFD4882564F8450009E598 /* ResponseCodable.swift */,
			);
			path = Model;
			sourceTree = "<group>";
		};
		EC6DD83F254053BD008479C4 /* API */ = {
			isa = PBXGroup;
			children = (
				EC6DD840254053E8008479C4 /* APIBase.swift */,
				EC6DD87A254056A4008479C4 /* APISearch.swift */,
				EC33C7ED2544575D004CBB9A /* APISearchDetail.swift */,
				EC33C7F225446AEE004CBB9A /* APISellUpload.swift */,
			);
			path = API;
			sourceTree = "<group>";
		};
		EC73AA7C258CABB4005E5615 /* BuySell */ = {
			isa = PBXGroup;
			children = (
				EC0F473725A0A34300583028 /* VideoUploadViewController.swift */,
				EC73AA77258CABA0005E5615 /* CartViewController.swift */,
				EC73AAAD258CAE5F005E5615 /* CartCell.swift */,
				EC4D8811258CB1A2001F08EC /* CartVCRepresentation.swift */,
				EC744B8C2598435000DE155A /* SelectOptionViewController.swift */,
				EC744B94259844BE00DE155A /* SelectOptionVCRepresentation.swift */,
				EC744B992598A7F200DE155A /* SelectOptionCell.swift */,
				EC0398D425AAA6040002EB04 /* ProductViewController.swift */,
				EC03990E25AAAC5F0002EB04 /* ProductVCRepresentation.swift */,
			);
			path = BuySell;
			sourceTree = "<group>";
		};
		EC9D2AC92579193700CF4D80 /* Main */ = {
			isa = PBXGroup;
			children = (
				EC5B6CD9252721FF004E3B61 /* MainView.swift */,
				EC9D2ACD2579195B00CF4D80 /* PagesContainer.swift */,
			);
			path = Main;
			sourceTree = "<group>";
		};
		ECAA01322522F49F00D15B93 = {
			isa = PBXGroup;
			children = (
				ECAA013D2522F49F00D15B93 /* vcommerce */,
				ECAA01542522F4A100D15B93 /* vcommerceTests */,
				ECAA015F2522F4A100D15B93 /* vcommerceUITests */,
				ECAA013C2522F49F00D15B93 /* Products */,
				8D0DB1DDDB0029F9537B7E9C /* Pods */,
				86659D37680629D5E75DDB52 /* Frameworks */,
			);
			sourceTree = "<group>";
		};
		ECAA013C2522F49F00D15B93 /* Products */ = {
			isa = PBXGroup;
			children = (
				ECAA013B2522F49F00D15B93 /* vcommerce.app */,
				ECAA01512522F4A100D15B93 /* vcommerceTests.xctest */,
				ECAA015C2522F4A100D15B93 /* vcommerceUITests.xctest */,
			);
			name = Products;
			sourceTree = "<group>";
		};
		ECAA013D2522F49F00D15B93 /* vcommerce */ = {
			isa = PBXGroup;
			children = (
				EC6DD83E254053A6008479C4 /* Model */,
				ECF1F40F25A999C20005F27F /* Views */,
				EC6DD82325401FE5008479C4 /* Storyboard */,
				EC5B6C9825270B18004E3B61 /* Util */,
				ECAA017B252614EB00D15B93 /* Ui */,
				ECAA0171252610BA00D15B93 /* Image */,
				ECAA013E2522F49F00D15B93 /* AppDelegate.swift */,
				EC92E234259654A0004F941F /* SceneDelegate.swift */,
				ECAA01442522F4A100D15B93 /* Assets.xcassets */,
				EC6DD80C2540188C008479C4 /* GoogleService-Info.plist */,
				ECAA01492522F4A100D15B93 /* LaunchScreen.storyboard */,
				ECAA014C2522F4A100D15B93 /* Info.plist */,
				ECAA01462522F4A100D15B93 /* Preview Content */,
			);
			path = vcommerce;
			sourceTree = "<group>";
		};
		ECAA01462522F4A100D15B93 /* Preview Content */ = {
			isa = PBXGroup;
			children = (
				ECAA01472522F4A100D15B93 /* Preview Assets.xcassets */,
			);
			path = "Preview Content";
			sourceTree = "<group>";
		};
		ECAA01542522F4A100D15B93 /* vcommerceTests */ = {
			isa = PBXGroup;
			children = (
				ECAA01552522F4A100D15B93 /* vcommerceTests.swift */,
				ECAA01572522F4A100D15B93 /* Info.plist */,
			);
			path = vcommerceTests;
			sourceTree = "<group>";
		};
		ECAA015F2522F4A100D15B93 /* vcommerceUITests */ = {
			isa = PBXGroup;
			children = (
				ECAA01602522F4A100D15B93 /* vcommerceUITests.swift */,
				ECAA01622522F4A100D15B93 /* Info.plist */,
			);
			path = vcommerceUITests;
			sourceTree = "<group>";
		};
		ECAA0171252610BA00D15B93 /* Image */ = {
			isa = PBXGroup;
			children = (
				EC5CE59B258CFFA500CA24AF /* Star 2.png */,
				ECC6085A25270522006763EE /* btn_signin_facebook.png */,
				ECC6085B25270522006763EE /* btn_signin_google.png */,
			);
			path = Image;
			sourceTree = "<group>";
		};
		ECAA017B252614EB00D15B93 /* Ui */ = {
			isa = PBXGroup;
			children = (
				EC0F473625A0A31800583028 /* Video */,
				EC4A50D3259652B400061CF2 /* Splah */,
				EC1D42A6258E37CC0032920F /* TestUI */,
				EC4D881C258CB59B001F08EC /* Review */,
				EC73AA7C258CABB4005E5615 /* BuySell */,
				EC680CB92580E24C0055615D /* Login */,
				EC9D2AC92579193700CF4D80 /* Main */,
				ECAA01422522F49F00D15B93 /* ContentView.swift */,
			);
			path = Ui;
			sourceTree = "<group>";
		};
		ECF1F40F25A999C20005F27F /* Views */ = {
			isa = PBXGroup;
			children = (
				ECDA79FD25A46B9E0071522E /* ProductOption.xib */,
				ECF1F40A25A999B30005F27F /* ProductOptionViews.swift */,
				ECDA79F825A46B8A0071522E /* Popup.xib */,
				EC894CC125AAE0B000DDDBE8 /* BasePopup.swift */,
				EC894CC925AAE0FF00DDDBE8 /* PopupManager.swift */,
			);
			path = Views;
			sourceTree = "<group>";
		};
/* End PBXGroup section */

/* Begin PBXNativeTarget section */
		ECAA013A2522F49F00D15B93 /* vcommerce */ = {
			isa = PBXNativeTarget;
			buildConfigurationList = ECAA01652522F4A100D15B93 /* Build configuration list for PBXNativeTarget "vcommerce" */;
			buildPhases = (
				2552EB0C9C2ECF4C172B6EBA /* [CP] Check Pods Manifest.lock */,
				ECAA01372522F49F00D15B93 /* Sources */,
				ECAA01382522F49F00D15B93 /* Frameworks */,
				ECAA01392522F49F00D15B93 /* Resources */,
				055661B41E864774173E219F /* [CP] Embed Pods Frameworks */,
				0464A56DB9F0D78048B67E92 /* [CP] Copy Pods Resources */,
				EC60998E2546D65D00280FC0 /* ShellScript */,
			);
			buildRules = (
			);
			dependencies = (
			);
			name = vcommerce;
			productName = vcommerce;
			productReference = ECAA013B2522F49F00D15B93 /* vcommerce.app */;
			productType = "com.apple.product-type.application";
		};
		ECAA01502522F4A100D15B93 /* vcommerceTests */ = {
			isa = PBXNativeTarget;
			buildConfigurationList = ECAA01682522F4A100D15B93 /* Build configuration list for PBXNativeTarget "vcommerceTests" */;
			buildPhases = (
				6388513D898D7D711DB53197 /* [CP] Check Pods Manifest.lock */,
				ECAA014D2522F4A100D15B93 /* Sources */,
				ECAA014E2522F4A100D15B93 /* Frameworks */,
				ECAA014F2522F4A100D15B93 /* Resources */,
			);
			buildRules = (
			);
			dependencies = (
				ECAA01532522F4A100D15B93 /* PBXTargetDependency */,
			);
			name = vcommerceTests;
			productName = vcommerceTests;
			productReference = ECAA01512522F4A100D15B93 /* vcommerceTests.xctest */;
			productType = "com.apple.product-type.bundle.unit-test";
		};
		ECAA015B2522F4A100D15B93 /* vcommerceUITests */ = {
			isa = PBXNativeTarget;
			buildConfigurationList = ECAA016B2522F4A100D15B93 /* Build configuration list for PBXNativeTarget "vcommerceUITests" */;
			buildPhases = (
				781B90407734A93EA4758457 /* [CP] Check Pods Manifest.lock */,
				ECAA01582522F4A100D15B93 /* Sources */,
				ECAA01592522F4A100D15B93 /* Frameworks */,
				ECAA015A2522F4A100D15B93 /* Resources */,
				FBED67CEC1AE6035933A55EF /* [CP] Embed Pods Frameworks */,
				3746C1FD779C57EECC5B8ECA /* [CP] Copy Pods Resources */,
			);
			buildRules = (
			);
			dependencies = (
				ECAA015E2522F4A100D15B93 /* PBXTargetDependency */,
			);
			name = vcommerceUITests;
			productName = vcommerceUITests;
			productReference = ECAA015C2522F4A100D15B93 /* vcommerceUITests.xctest */;
			productType = "com.apple.product-type.bundle.ui-testing";
		};
/* End PBXNativeTarget section */

/* Begin PBXProject section */
		ECAA01332522F49F00D15B93 /* Project object */ = {
			isa = PBXProject;
			attributes = {
				LastSwiftUpdateCheck = 1200;
				LastUpgradeCheck = 1200;
				TargetAttributes = {
					ECAA013A2522F49F00D15B93 = {
						CreatedOnToolsVersion = 12.0.1;
					};
					ECAA01502522F4A100D15B93 = {
						CreatedOnToolsVersion = 12.0.1;
						TestTargetID = ECAA013A2522F49F00D15B93;
					};
					ECAA015B2522F4A100D15B93 = {
						CreatedOnToolsVersion = 12.0.1;
						TestTargetID = ECAA013A2522F49F00D15B93;
					};
				};
			};
			buildConfigurationList = ECAA01362522F49F00D15B93 /* Build configuration list for PBXProject "vcommerce" */;
			compatibilityVersion = "Xcode 9.3";
			developmentRegion = en;
			hasScannedForEncodings = 0;
			knownRegions = (
				en,
				Base,
			);
			mainGroup = ECAA01322522F49F00D15B93;
			productRefGroup = ECAA013C2522F49F00D15B93 /* Products */;
			projectDirPath = "";
			projectRoot = "";
			targets = (
				ECAA013A2522F49F00D15B93 /* vcommerce */,
				ECAA01502522F4A100D15B93 /* vcommerceTests */,
				ECAA015B2522F4A100D15B93 /* vcommerceUITests */,
			);
		};
/* End PBXProject section */

/* Begin PBXResourcesBuildPhase section */
		ECAA01392522F49F00D15B93 /* Resources */ = {
			isa = PBXResourcesBuildPhase;
			buildActionMask = 2147483647;
			files = (
				ECDA79FE25A46B9E0071522E /* ProductOption.xib in Resources */,
				EC4D881F258CB5BB001F08EC /* Review.storyboard in Resources */,
				EC79BC13258A57C900D61EEB /* BuySell.storyboard in Resources */,
				ECAA014B2522F4A100D15B93 /* LaunchScreen.storyboard in Resources */,
				EC5CE59C258CFFA500CA24AF /* Star 2.png in Resources */,
				ECAA01482522F4A100D15B93 /* Preview Assets.xcassets in Resources */,
				ECC6085C25270522006763EE /* btn_signin_facebook.png in Resources */,
				ECDA79F925A46B8A0071522E /* Popup.xib in Resources */,
				ECC6085D25270522006763EE /* btn_signin_google.png in Resources */,
				EC6DD81525401BA8008479C4 /* Login.storyboard in Resources */,
				EC1D42AD258E443E0032920F /* SwiftUI.storyboard in Resources */,
				ECAA01452522F4A100D15B93 /* Assets.xcassets in Resources */,
				EC6DD80D2540188C008479C4 /* GoogleService-Info.plist in Resources */,
				EC4A50CF2596523A00061CF2 /* Splash.storyboard in Resources */,
			);
			runOnlyForDeploymentPostprocessing = 0;
		};
		ECAA014F2522F4A100D15B93 /* Resources */ = {
			isa = PBXResourcesBuildPhase;
			buildActionMask = 2147483647;
			files = (
			);
			runOnlyForDeploymentPostprocessing = 0;
		};
		ECAA015A2522F4A100D15B93 /* Resources */ = {
			isa = PBXResourcesBuildPhase;
			buildActionMask = 2147483647;
			files = (
			);
			runOnlyForDeploymentPostprocessing = 0;
		};
/* End PBXResourcesBuildPhase section */

/* Begin PBXShellScriptBuildPhase section */
		0464A56DB9F0D78048B67E92 /* [CP] Copy Pods Resources */ = {
			isa = PBXShellScriptBuildPhase;
			buildActionMask = 2147483647;
			files = (
			);
			inputFileListPaths = (
				"${PODS_ROOT}/Target Support Files/Pods-vcommerce/Pods-vcommerce-resources-${CONFIGURATION}-input-files.xcfilelist",
			);
			name = "[CP] Copy Pods Resources";
			outputFileListPaths = (
				"${PODS_ROOT}/Target Support Files/Pods-vcommerce/Pods-vcommerce-resources-${CONFIGURATION}-output-files.xcfilelist",
			);
			runOnlyForDeploymentPostprocessing = 0;
			shellPath = /bin/sh;
			shellScript = "\"${PODS_ROOT}/Target Support Files/Pods-vcommerce/Pods-vcommerce-resources.sh\"\n";
			showEnvVarsInLog = 0;
		};
		055661B41E864774173E219F /* [CP] Embed Pods Frameworks */ = {
			isa = PBXShellScriptBuildPhase;
			buildActionMask = 2147483647;
			files = (
			);
			inputFileListPaths = (
				"${PODS_ROOT}/Target Support Files/Pods-vcommerce/Pods-vcommerce-frameworks-${CONFIGURATION}-input-files.xcfilelist",
			);
			name = "[CP] Embed Pods Frameworks";
			outputFileListPaths = (
				"${PODS_ROOT}/Target Support Files/Pods-vcommerce/Pods-vcommerce-frameworks-${CONFIGURATION}-output-files.xcfilelist",
			);
			runOnlyForDeploymentPostprocessing = 0;
			shellPath = /bin/sh;
			shellScript = "\"${PODS_ROOT}/Target Support Files/Pods-vcommerce/Pods-vcommerce-frameworks.sh\"\n";
			showEnvVarsInLog = 0;
		};
		2552EB0C9C2ECF4C172B6EBA /* [CP] Check Pods Manifest.lock */ = {
			isa = PBXShellScriptBuildPhase;
			buildActionMask = 2147483647;
			files = (
			);
			inputFileListPaths = (
			);
			inputPaths = (
				"${PODS_PODFILE_DIR_PATH}/Podfile.lock",
				"${PODS_ROOT}/Manifest.lock",
			);
			name = "[CP] Check Pods Manifest.lock";
			outputFileListPaths = (
			);
			outputPaths = (
				"$(DERIVED_FILE_DIR)/Pods-vcommerce-checkManifestLockResult.txt",
			);
			runOnlyForDeploymentPostprocessing = 0;
			shellPath = /bin/sh;
			shellScript = "diff \"${PODS_PODFILE_DIR_PATH}/Podfile.lock\" \"${PODS_ROOT}/Manifest.lock\" > /dev/null\nif [ $? != 0 ] ; then\n    # print error to STDERR\n    echo \"error: The sandbox is not in sync with the Podfile.lock. Run 'pod install' or update your CocoaPods installation.\" >&2\n    exit 1\nfi\n# This output is used by Xcode 'outputs' to avoid re-running this script phase.\necho \"SUCCESS\" > \"${SCRIPT_OUTPUT_FILE_0}\"\n";
			showEnvVarsInLog = 0;
		};
		3746C1FD779C57EECC5B8ECA /* [CP] Copy Pods Resources */ = {
			isa = PBXShellScriptBuildPhase;
			buildActionMask = 2147483647;
			files = (
			);
			inputFileListPaths = (
				"${PODS_ROOT}/Target Support Files/Pods-vcommerce-vcommerceUITests/Pods-vcommerce-vcommerceUITests-resources-${CONFIGURATION}-input-files.xcfilelist",
			);
			name = "[CP] Copy Pods Resources";
			outputFileListPaths = (
				"${PODS_ROOT}/Target Support Files/Pods-vcommerce-vcommerceUITests/Pods-vcommerce-vcommerceUITests-resources-${CONFIGURATION}-output-files.xcfilelist",
			);
			runOnlyForDeploymentPostprocessing = 0;
			shellPath = /bin/sh;
			shellScript = "\"${PODS_ROOT}/Target Support Files/Pods-vcommerce-vcommerceUITests/Pods-vcommerce-vcommerceUITests-resources.sh\"\n";
			showEnvVarsInLog = 0;
		};
		6388513D898D7D711DB53197 /* [CP] Check Pods Manifest.lock */ = {
			isa = PBXShellScriptBuildPhase;
			buildActionMask = 2147483647;
			files = (
			);
			inputFileListPaths = (
			);
			inputPaths = (
				"${PODS_PODFILE_DIR_PATH}/Podfile.lock",
				"${PODS_ROOT}/Manifest.lock",
			);
			name = "[CP] Check Pods Manifest.lock";
			outputFileListPaths = (
			);
			outputPaths = (
				"$(DERIVED_FILE_DIR)/Pods-vcommerceTests-checkManifestLockResult.txt",
			);
			runOnlyForDeploymentPostprocessing = 0;
			shellPath = /bin/sh;
			shellScript = "diff \"${PODS_PODFILE_DIR_PATH}/Podfile.lock\" \"${PODS_ROOT}/Manifest.lock\" > /dev/null\nif [ $? != 0 ] ; then\n    # print error to STDERR\n    echo \"error: The sandbox is not in sync with the Podfile.lock. Run 'pod install' or update your CocoaPods installation.\" >&2\n    exit 1\nfi\n# This output is used by Xcode 'outputs' to avoid re-running this script phase.\necho \"SUCCESS\" > \"${SCRIPT_OUTPUT_FILE_0}\"\n";
			showEnvVarsInLog = 0;
		};
		781B90407734A93EA4758457 /* [CP] Check Pods Manifest.lock */ = {
			isa = PBXShellScriptBuildPhase;
			buildActionMask = 2147483647;
			files = (
			);
			inputFileListPaths = (
			);
			inputPaths = (
				"${PODS_PODFILE_DIR_PATH}/Podfile.lock",
				"${PODS_ROOT}/Manifest.lock",
			);
			name = "[CP] Check Pods Manifest.lock";
			outputFileListPaths = (
			);
			outputPaths = (
				"$(DERIVED_FILE_DIR)/Pods-vcommerce-vcommerceUITests-checkManifestLockResult.txt",
			);
			runOnlyForDeploymentPostprocessing = 0;
			shellPath = /bin/sh;
			shellScript = "diff \"${PODS_PODFILE_DIR_PATH}/Podfile.lock\" \"${PODS_ROOT}/Manifest.lock\" > /dev/null\nif [ $? != 0 ] ; then\n    # print error to STDERR\n    echo \"error: The sandbox is not in sync with the Podfile.lock. Run 'pod install' or update your CocoaPods installation.\" >&2\n    exit 1\nfi\n# This output is used by Xcode 'outputs' to avoid re-running this script phase.\necho \"SUCCESS\" > \"${SCRIPT_OUTPUT_FILE_0}\"\n";
			showEnvVarsInLog = 0;
		};
		EC60998E2546D65D00280FC0 /* ShellScript */ = {
			isa = PBXShellScriptBuildPhase;
			buildActionMask = 2147483647;
			files = (
			);
			inputFileListPaths = (
			);
			inputPaths = (
			);
			outputFileListPaths = (
			);
			outputPaths = (
			);
			runOnlyForDeploymentPostprocessing = 0;
			shellPath = /bin/sh;
			shellScript = "# Type a script or drag a script file from your workspace to insert its path.\n\"${PODS_ROOT}/FirebaseCrashlytics/run\"\n";
		};
		FBED67CEC1AE6035933A55EF /* [CP] Embed Pods Frameworks */ = {
			isa = PBXShellScriptBuildPhase;
			buildActionMask = 2147483647;
			files = (
			);
			inputFileListPaths = (
				"${PODS_ROOT}/Target Support Files/Pods-vcommerce-vcommerceUITests/Pods-vcommerce-vcommerceUITests-frameworks-${CONFIGURATION}-input-files.xcfilelist",
			);
			name = "[CP] Embed Pods Frameworks";
			outputFileListPaths = (
				"${PODS_ROOT}/Target Support Files/Pods-vcommerce-vcommerceUITests/Pods-vcommerce-vcommerceUITests-frameworks-${CONFIGURATION}-output-files.xcfilelist",
			);
			runOnlyForDeploymentPostprocessing = 0;
			shellPath = /bin/sh;
			shellScript = "\"${PODS_ROOT}/Target Support Files/Pods-vcommerce-vcommerceUITests/Pods-vcommerce-vcommerceUITests-frameworks.sh\"\n";
			showEnvVarsInLog = 0;
		};
/* End PBXShellScriptBuildPhase section */

/* Begin PBXSourcesBuildPhase section */
		ECAA01372522F49F00D15B93 /* Sources */ = {
			isa = PBXSourcesBuildPhase;
			buildActionMask = 2147483647;
			files = (
				EC6DD82525402011008479C4 /* LoginViewController.swift in Sources */,
				EC6DD87625405655008479C4 /* APIClient.swift in Sources */,
				EC744B95259844BE00DE155A /* SelectOptionVCRepresentation.swift in Sources */,
				EC92E235259654A0004F941F /* SceneDelegate.swift in Sources */,
				EC5CE58C258CF5CF00CA24AF /* ReviewViewController.swift in Sources */,
				EC0F473125A09DB800583028 /* ProfileRegistViewController.swift in Sources */,
				EC1F866F25A4595A00DABBD9 /* CongratulationViewController.swift in Sources */,
				ECAA013F2522F49F00D15B93 /* AppDelegate.swift in Sources */,
				ECA7FF3B25A0952F00C4DC2A /* LoginEmaillVCRepresentation.swift in Sources */,
				EC5B6CDA252721FF004E3B61 /* MainView.swift in Sources */,
				EC4D8812258CB1A2001F08EC /* CartVCRepresentation.swift in Sources */,
				ECC6081B25262DC1006763EE /* CustomTextField.swift in Sources */,
				EC6DD82D254033E9008479C4 /* LoginVCRepresentaion.swift in Sources */,
				EC03990F25AAAC5F0002EB04 /* ProductVCRepresentation.swift in Sources */,
				EC6DD87B254056A4008479C4 /* APISearch.swift in Sources */,
				EC9D2AD6257A246C00CF4D80 /* ViewScaleObject.swift in Sources */,
				EC33C7F325446AEE004CBB9A /* APISellUpload.swift in Sources */,
				EC33C7F8254470E7004CBB9A /* ImagePickerView.swift in Sources */,
				EC5CE597258CF74A00CA24AF /* ReviewCell.swift in Sources */,
				EC9D2ACE2579195B00CF4D80 /* PagesContainer.swift in Sources */,
				EC33C7EE2544575D004CBB9A /* APISearchDetail.swift in Sources */,
				ECAA01432522F49F00D15B93 /* ContentView.swift in Sources */,
				EC894CCA25AAE0FF00DDDBE8 /* PopupManager.swift in Sources */,
				EC0F472C25A09C9800583028 /* EmailRegistViewController.swift in Sources */,
				EC894CC225AAE0B000DDDBE8 /* BasePopup.swift in Sources */,
				EC73AA78258CABA0005E5615 /* CartViewController.swift in Sources */,
				EC744B8D2598435000DE155A /* SelectOptionViewController.swift in Sources */,
				EC5CE5A1258D01F800CA24AF /* ReviewDetailViewController.swift in Sources */,
				EC79BC18258A5B7100D61EEB /* CheckBox.swift in Sources */,
				EC0398D525AAA6040002EB04 /* ProductViewController.swift in Sources */,
				EC5CE591258CF5EA00CA24AF /* ReviewVCRepresentation.swift in Sources */,
				EC6DD81F25401ECB008479C4 /* RoundedBoarderButton.swift in Sources */,
				EC1F866425A4520300DABBD9 /* FindIdFromEmailViewController.swift in Sources */,
				EC6DD81A25401E7E008479C4 /* RoundedBoarderView.swift in Sources */,
				EC894CCF25AAE48500DDDBE8 /* extUIView.swift in Sources */,
				EC33C7842542817F004CBB9A /* Dictionary.swift in Sources */,
				EC73AAAE258CAE5F005E5615 /* CartCell.swift in Sources */,
				EC744B9A2598A7F200DE155A /* SelectOptionCell.swift in Sources */,
				EC1D42A8258E37E50032920F /* TestUI.swift in Sources */,
				ECF1F40B25A999B30005F27F /* ProductOptionViews.swift in Sources */,
				EC4A50D5259652C700061CF2 /* SplashViewController.swift in Sources */,
				ECA4DA31254DA4EF00D11B40 /* MainViewFuncs.swift in Sources */,
				EC6DD841254053E8008479C4 /* APIBase.swift in Sources */,
				EC5B6C9A25270B2F004E3B61 /* ImageStore.swift in Sources */,
				ECAFD4892564F8450009E598 /* ResponseCodable.swift in Sources */,
				ECA7FF0925A0814800C4DC2A /* LoginEamilViewController.swift in Sources */,
				EC0F473825A0A34300583028 /* VideoUploadViewController.swift in Sources */,
			);
			runOnlyForDeploymentPostprocessing = 0;
		};
		ECAA014D2522F4A100D15B93 /* Sources */ = {
			isa = PBXSourcesBuildPhase;
			buildActionMask = 2147483647;
			files = (
				ECAA01562522F4A100D15B93 /* vcommerceTests.swift in Sources */,
			);
			runOnlyForDeploymentPostprocessing = 0;
		};
		ECAA01582522F4A100D15B93 /* Sources */ = {
			isa = PBXSourcesBuildPhase;
			buildActionMask = 2147483647;
			files = (
				ECAA01612522F4A100D15B93 /* vcommerceUITests.swift in Sources */,
			);
			runOnlyForDeploymentPostprocessing = 0;
		};
/* End PBXSourcesBuildPhase section */

/* Begin PBXTargetDependency section */
		ECAA01532522F4A100D15B93 /* PBXTargetDependency */ = {
			isa = PBXTargetDependency;
			target = ECAA013A2522F49F00D15B93 /* vcommerce */;
			targetProxy = ECAA01522522F4A100D15B93 /* PBXContainerItemProxy */;
		};
		ECAA015E2522F4A100D15B93 /* PBXTargetDependency */ = {
			isa = PBXTargetDependency;
			target = ECAA013A2522F49F00D15B93 /* vcommerce */;
			targetProxy = ECAA015D2522F4A100D15B93 /* PBXContainerItemProxy */;
		};
/* End PBXTargetDependency section */

/* Begin PBXVariantGroup section */
		ECAA01492522F4A100D15B93 /* LaunchScreen.storyboard */ = {
			isa = PBXVariantGroup;
			children = (
				ECAA014A2522F4A100D15B93 /* Base */,
			);
			name = LaunchScreen.storyboard;
			sourceTree = "<group>";
		};
/* End PBXVariantGroup section */

/* Begin XCBuildConfiguration section */
		ECAA01632522F4A100D15B93 /* Debug */ = {
			isa = XCBuildConfiguration;
			buildSettings = {
				ALWAYS_SEARCH_USER_PATHS = NO;
				CLANG_ANALYZER_NONNULL = YES;
				CLANG_ANALYZER_NUMBER_OBJECT_CONVERSION = YES_AGGRESSIVE;
				CLANG_CXX_LANGUAGE_STANDARD = "gnu++14";
				CLANG_CXX_LIBRARY = "libc++";
				CLANG_ENABLE_MODULES = YES;
				CLANG_ENABLE_OBJC_ARC = YES;
				CLANG_ENABLE_OBJC_WEAK = YES;
				CLANG_WARN_BLOCK_CAPTURE_AUTORELEASING = YES;
				CLANG_WARN_BOOL_CONVERSION = YES;
				CLANG_WARN_COMMA = YES;
				CLANG_WARN_CONSTANT_CONVERSION = YES;
				CLANG_WARN_DEPRECATED_OBJC_IMPLEMENTATIONS = YES;
				CLANG_WARN_DIRECT_OBJC_ISA_USAGE = YES_ERROR;
				CLANG_WARN_DOCUMENTATION_COMMENTS = YES;
				CLANG_WARN_EMPTY_BODY = YES;
				CLANG_WARN_ENUM_CONVERSION = YES;
				CLANG_WARN_INFINITE_RECURSION = YES;
				CLANG_WARN_INT_CONVERSION = YES;
				CLANG_WARN_NON_LITERAL_NULL_CONVERSION = YES;
				CLANG_WARN_OBJC_IMPLICIT_RETAIN_SELF = YES;
				CLANG_WARN_OBJC_LITERAL_CONVERSION = YES;
				CLANG_WARN_OBJC_ROOT_CLASS = YES_ERROR;
				CLANG_WARN_QUOTED_INCLUDE_IN_FRAMEWORK_HEADER = YES;
				CLANG_WARN_RANGE_LOOP_ANALYSIS = YES;
				CLANG_WARN_STRICT_PROTOTYPES = YES;
				CLANG_WARN_SUSPICIOUS_MOVE = YES;
				CLANG_WARN_UNGUARDED_AVAILABILITY = YES_AGGRESSIVE;
				CLANG_WARN_UNREACHABLE_CODE = YES;
				CLANG_WARN__DUPLICATE_METHOD_MATCH = YES;
				COPY_PHASE_STRIP = NO;
				DEBUG_INFORMATION_FORMAT = "dwarf-with-dsym";
				ENABLE_STRICT_OBJC_MSGSEND = YES;
				ENABLE_TESTABILITY = YES;
				GCC_C_LANGUAGE_STANDARD = gnu11;
				GCC_DYNAMIC_NO_PIC = NO;
				GCC_NO_COMMON_BLOCKS = YES;
				GCC_OPTIMIZATION_LEVEL = 0;
				GCC_PREPROCESSOR_DEFINITIONS = (
					"DEBUG=1",
					"$(inherited)",
				);
				GCC_WARN_64_TO_32_BIT_CONVERSION = YES;
				GCC_WARN_ABOUT_RETURN_TYPE = YES_ERROR;
				GCC_WARN_UNDECLARED_SELECTOR = YES;
				GCC_WARN_UNINITIALIZED_AUTOS = YES_AGGRESSIVE;
				GCC_WARN_UNUSED_FUNCTION = YES;
				GCC_WARN_UNUSED_VARIABLE = YES;
				IPHONEOS_DEPLOYMENT_TARGET = 14.0;
				MTL_ENABLE_DEBUG_INFO = INCLUDE_SOURCE;
				MTL_FAST_MATH = YES;
				ONLY_ACTIVE_ARCH = YES;
				SDKROOT = iphoneos;
				SWIFT_ACTIVE_COMPILATION_CONDITIONS = DEBUG;
				SWIFT_OPTIMIZATION_LEVEL = "-Onone";
			};
			name = Debug;
		};
		ECAA01642522F4A100D15B93 /* Release */ = {
			isa = XCBuildConfiguration;
			buildSettings = {
				ALWAYS_SEARCH_USER_PATHS = NO;
				CLANG_ANALYZER_NONNULL = YES;
				CLANG_ANALYZER_NUMBER_OBJECT_CONVERSION = YES_AGGRESSIVE;
				CLANG_CXX_LANGUAGE_STANDARD = "gnu++14";
				CLANG_CXX_LIBRARY = "libc++";
				CLANG_ENABLE_MODULES = YES;
				CLANG_ENABLE_OBJC_ARC = YES;
				CLANG_ENABLE_OBJC_WEAK = YES;
				CLANG_WARN_BLOCK_CAPTURE_AUTORELEASING = YES;
				CLANG_WARN_BOOL_CONVERSION = YES;
				CLANG_WARN_COMMA = YES;
				CLANG_WARN_CONSTANT_CONVERSION = YES;
				CLANG_WARN_DEPRECATED_OBJC_IMPLEMENTATIONS = YES;
				CLANG_WARN_DIRECT_OBJC_ISA_USAGE = YES_ERROR;
				CLANG_WARN_DOCUMENTATION_COMMENTS = YES;
				CLANG_WARN_EMPTY_BODY = YES;
				CLANG_WARN_ENUM_CONVERSION = YES;
				CLANG_WARN_INFINITE_RECURSION = YES;
				CLANG_WARN_INT_CONVERSION = YES;
				CLANG_WARN_NON_LITERAL_NULL_CONVERSION = YES;
				CLANG_WARN_OBJC_IMPLICIT_RETAIN_SELF = YES;
				CLANG_WARN_OBJC_LITERAL_CONVERSION = YES;
				CLANG_WARN_OBJC_ROOT_CLASS = YES_ERROR;
				CLANG_WARN_QUOTED_INCLUDE_IN_FRAMEWORK_HEADER = YES;
				CLANG_WARN_RANGE_LOOP_ANALYSIS = YES;
				CLANG_WARN_STRICT_PROTOTYPES = YES;
				CLANG_WARN_SUSPICIOUS_MOVE = YES;
				CLANG_WARN_UNGUARDED_AVAILABILITY = YES_AGGRESSIVE;
				CLANG_WARN_UNREACHABLE_CODE = YES;
				CLANG_WARN__DUPLICATE_METHOD_MATCH = YES;
				COPY_PHASE_STRIP = NO;
				DEBUG_INFORMATION_FORMAT = "dwarf-with-dsym";
				ENABLE_NS_ASSERTIONS = NO;
				ENABLE_STRICT_OBJC_MSGSEND = YES;
				GCC_C_LANGUAGE_STANDARD = gnu11;
				GCC_NO_COMMON_BLOCKS = YES;
				GCC_WARN_64_TO_32_BIT_CONVERSION = YES;
				GCC_WARN_ABOUT_RETURN_TYPE = YES_ERROR;
				GCC_WARN_UNDECLARED_SELECTOR = YES;
				GCC_WARN_UNINITIALIZED_AUTOS = YES_AGGRESSIVE;
				GCC_WARN_UNUSED_FUNCTION = YES;
				GCC_WARN_UNUSED_VARIABLE = YES;
				IPHONEOS_DEPLOYMENT_TARGET = 14.0;
				MTL_ENABLE_DEBUG_INFO = NO;
				MTL_FAST_MATH = YES;
				SDKROOT = iphoneos;
				SWIFT_COMPILATION_MODE = wholemodule;
				SWIFT_OPTIMIZATION_LEVEL = "-O";
				VALIDATE_PRODUCT = YES;
			};
			name = Release;
		};
		ECAA01662522F4A100D15B93 /* Debug */ = {
			isa = XCBuildConfiguration;
			baseConfigurationReference = 229E5C3C42DEB4A599442AA2 /* Pods-vcommerce.debug.xcconfig */;
			buildSettings = {
				ASSETCATALOG_COMPILER_APPICON_NAME = AppIcon;
				ASSETCATALOG_COMPILER_GLOBAL_ACCENT_COLOR_NAME = AccentColor;
				CODE_SIGN_STYLE = Automatic;
				DEVELOPMENT_ASSET_PATHS = "\"vcommerce/Preview Content\"";
				ENABLE_PREVIEWS = YES;
				INFOPLIST_FILE = vcommerce/Info.plist;
				LD_RUNPATH_SEARCH_PATHS = (
					"$(inherited)",
					"@executable_path/Frameworks",
				);
				PRODUCT_BUNDLE_IDENTIFIER = com.uos.vcommerce;
				PRODUCT_NAME = "$(TARGET_NAME)";
				SWIFT_VERSION = 5.0;
				TARGETED_DEVICE_FAMILY = "1,2";
			};
			name = Debug;
		};
		ECAA01672522F4A100D15B93 /* Release */ = {
			isa = XCBuildConfiguration;
			baseConfigurationReference = 09D240ACEF17F6D2AE8C5CCA /* Pods-vcommerce.release.xcconfig */;
			buildSettings = {
				ASSETCATALOG_COMPILER_APPICON_NAME = AppIcon;
				ASSETCATALOG_COMPILER_GLOBAL_ACCENT_COLOR_NAME = AccentColor;
				CODE_SIGN_STYLE = Automatic;
				DEVELOPMENT_ASSET_PATHS = "\"vcommerce/Preview Content\"";
				ENABLE_PREVIEWS = YES;
				INFOPLIST_FILE = vcommerce/Info.plist;
				LD_RUNPATH_SEARCH_PATHS = (
					"$(inherited)",
					"@executable_path/Frameworks",
				);
				PRODUCT_BUNDLE_IDENTIFIER = com.uos.vcommerce;
				PRODUCT_NAME = "$(TARGET_NAME)";
				SWIFT_VERSION = 5.0;
				TARGETED_DEVICE_FAMILY = "1,2";
			};
			name = Release;
		};
		ECAA01692522F4A100D15B93 /* Debug */ = {
			isa = XCBuildConfiguration;
			baseConfigurationReference = EC83BB15890EF507EC7E25F8 /* Pods-vcommerceTests.debug.xcconfig */;
			buildSettings = {
				ALWAYS_EMBED_SWIFT_STANDARD_LIBRARIES = YES;
				BUNDLE_LOADER = "$(TEST_HOST)";
				CODE_SIGN_STYLE = Automatic;
				INFOPLIST_FILE = vcommerceTests/Info.plist;
				IPHONEOS_DEPLOYMENT_TARGET = 14.0;
				LD_RUNPATH_SEARCH_PATHS = (
					"$(inherited)",
					"@executable_path/Frameworks",
					"@loader_path/Frameworks",
				);
				PRODUCT_BUNDLE_IDENTIFIER = com.uos.vcommerceTests;
				PRODUCT_NAME = "$(TARGET_NAME)";
				SWIFT_VERSION = 5.0;
				TARGETED_DEVICE_FAMILY = "1,2";
				TEST_HOST = "$(BUILT_PRODUCTS_DIR)/vcommerce.app/vcommerce";
			};
			name = Debug;
		};
		ECAA016A2522F4A100D15B93 /* Release */ = {
			isa = XCBuildConfiguration;
			baseConfigurationReference = EF1E50AFA9C0F2368B05856B /* Pods-vcommerceTests.release.xcconfig */;
			buildSettings = {
				ALWAYS_EMBED_SWIFT_STANDARD_LIBRARIES = YES;
				BUNDLE_LOADER = "$(TEST_HOST)";
				CODE_SIGN_STYLE = Automatic;
				INFOPLIST_FILE = vcommerceTests/Info.plist;
				IPHONEOS_DEPLOYMENT_TARGET = 14.0;
				LD_RUNPATH_SEARCH_PATHS = (
					"$(inherited)",
					"@executable_path/Frameworks",
					"@loader_path/Frameworks",
				);
				PRODUCT_BUNDLE_IDENTIFIER = com.uos.vcommerceTests;
				PRODUCT_NAME = "$(TARGET_NAME)";
				SWIFT_VERSION = 5.0;
				TARGETED_DEVICE_FAMILY = "1,2";
				TEST_HOST = "$(BUILT_PRODUCTS_DIR)/vcommerce.app/vcommerce";
			};
			name = Release;
		};
		ECAA016C2522F4A100D15B93 /* Debug */ = {
			isa = XCBuildConfiguration;
			baseConfigurationReference = C4B07E209200A3125CD50D99 /* Pods-vcommerce-vcommerceUITests.debug.xcconfig */;
			buildSettings = {
				ALWAYS_EMBED_SWIFT_STANDARD_LIBRARIES = YES;
				CODE_SIGN_STYLE = Automatic;
				INFOPLIST_FILE = vcommerceUITests/Info.plist;
				LD_RUNPATH_SEARCH_PATHS = (
					"$(inherited)",
					"@executable_path/Frameworks",
					"@loader_path/Frameworks",
				);
				PRODUCT_BUNDLE_IDENTIFIER = com.uos.vcommerceUITests;
				PRODUCT_NAME = "$(TARGET_NAME)";
				SWIFT_VERSION = 5.0;
				TARGETED_DEVICE_FAMILY = "1,2";
				TEST_TARGET_NAME = vcommerce;
			};
			name = Debug;
		};
		ECAA016D2522F4A100D15B93 /* Release */ = {
			isa = XCBuildConfiguration;
			baseConfigurationReference = B1DC3C8B8DDBEF8E5D1F6EAC /* Pods-vcommerce-vcommerceUITests.release.xcconfig */;
			buildSettings = {
				ALWAYS_EMBED_SWIFT_STANDARD_LIBRARIES = YES;
				CODE_SIGN_STYLE = Automatic;
				INFOPLIST_FILE = vcommerceUITests/Info.plist;
				LD_RUNPATH_SEARCH_PATHS = (
					"$(inherited)",
					"@executable_path/Frameworks",
					"@loader_path/Frameworks",
				);
				PRODUCT_BUNDLE_IDENTIFIER = com.uos.vcommerceUITests;
				PRODUCT_NAME = "$(TARGET_NAME)";
				SWIFT_VERSION = 5.0;
				TARGETED_DEVICE_FAMILY = "1,2";
				TEST_TARGET_NAME = vcommerce;
			};
			name = Release;
		};
/* End XCBuildConfiguration section */

/* Begin XCConfigurationList section */
		ECAA01362522F49F00D15B93 /* Build configuration list for PBXProject "vcommerce" */ = {
			isa = XCConfigurationList;
			buildConfigurations = (
				ECAA01632522F4A100D15B93 /* Debug */,
				ECAA01642522F4A100D15B93 /* Release */,
			);
			defaultConfigurationIsVisible = 0;
			defaultConfigurationName = Release;
		};
		ECAA01652522F4A100D15B93 /* Build configuration list for PBXNativeTarget "vcommerce" */ = {
			isa = XCConfigurationList;
			buildConfigurations = (
				ECAA01662522F4A100D15B93 /* Debug */,
				ECAA01672522F4A100D15B93 /* Release */,
			);
			defaultConfigurationIsVisible = 0;
			defaultConfigurationName = Release;
		};
		ECAA01682522F4A100D15B93 /* Build configuration list for PBXNativeTarget "vcommerceTests" */ = {
			isa = XCConfigurationList;
			buildConfigurations = (
				ECAA01692522F4A100D15B93 /* Debug */,
				ECAA016A2522F4A100D15B93 /* Release */,
			);
			defaultConfigurationIsVisible = 0;
			defaultConfigurationName = Release;
		};
		ECAA016B2522F4A100D15B93 /* Build configuration list for PBXNativeTarget "vcommerceUITests" */ = {
			isa = XCConfigurationList;
			buildConfigurations = (
				ECAA016C2522F4A100D15B93 /* Debug */,
				ECAA016D2522F4A100D15B93 /* Release */,
			);
			defaultConfigurationIsVisible = 0;
			defaultConfigurationName = Release;
		};
/* End XCConfigurationList section */
	};
	rootObject = ECAA01332522F49F00D15B93 /* Project object */;
}
